
Microsoft Visual Studio Solution File, Format Version 12.00
# Visual Studio Version 17
VisualStudioVersion = 17.12.35527.113
MinimumVisualStudioVersion = 10.0.40219.1
Project("{FAE04EC0-301F-11D3-BF4B-00C04F79EFBC}") = "ContractManagementSystem.API", "ContractManagementSystem.API\ContractManagementSystem.API.csproj", "{B7479023-2DB0-4E00-A9DB-67E33713BE25}"
EndProject
Project("{FAE04EC0-301F-11D3-BF4B-00C04F79EFBC}") = "ContractManagementSystem.BL", "ContractManagementSystem.BL\ContractManagementSystem.BL.csproj", "{4A7F70BC-6686-46FC-8D70-A99AA5BF99EF}"
EndProject
Project("{FAE04EC0-301F-11D3-BF4B-00C04F79EFBC}") = "ContractManagementSystem.Core", "ContractManagementSystem.Core\ContractManagementSystem.Core.csproj", "{52290358-E69D-495A-BE55-AB20A8FFDF89}"
EndProject
Project("{FAE04EC0-301F-11D3-BF4B-00C04F79EFBC}") = "ContractManagementSystem.DAL", "ContractManagementSystem.DAL\ContractManagementSystem.DAL.csproj", "{9DBB90F8-441E-4834-B541-B24FD79FF35C}"
EndProject
Global
	GlobalSection(SolutionConfigurationPlatforms) = preSolution
		Debug|Any CPU = Debug|Any CPU
		Release|Any CPU = Release|Any CPU
	EndGlobalSection
	GlobalSection(ProjectConfigurationPlatforms) = postSolution
		{B7479023-2DB0-4E00-A9DB-67E33713BE25}.Debug|Any CPU.ActiveCfg = Debug|Any CPU
		{B7479023-2DB0-4E00-A9DB-67E33713BE25}.Debug|Any CPU.Build.0 = Debug|Any CPU
		{B7479023-2DB0-4E00-A9DB-67E33713BE25}.Release|Any CPU.ActiveCfg = Release|Any CPU
		{B7479023-2DB0-4E00-A9DB-67E33713BE25}.Release|Any CPU.Build.0 = Release|Any CPU
		{4A7F70BC-6686-46FC-8D70-A99AA5BF99EF}.Debug|Any CPU.ActiveCfg = Debug|Any CPU
		{4A7F70BC-6686-46FC-8D70-A99AA5BF99EF}.Debug|Any CPU.Build.0 = Debug|Any CPU
		{4A7F70BC-6686-46FC-8D70-A99AA5BF99EF}.Release|Any CPU.ActiveCfg = Release|Any CPU
		{4A7F70BC-6686-46FC-8D70-A99AA5BF99EF}.Release|Any CPU.Build.0 = Release|Any CPU
		{52290358-E69D-495A-BE55-AB20A8FFDF89}.Debug|Any CPU.ActiveCfg = Debug|Any CPU
		{52290358-E69D-495A-BE55-AB20A8FFDF89}.Debug|Any CPU.Build.0 = Debug|Any CPU
		{52290358-E69D-495A-BE55-AB20A8FFDF89}.Release|Any CPU.ActiveCfg = Release|Any CPU
		{52290358-E69D-495A-BE55-AB20A8FFDF89}.Release|Any CPU.Build.0 = Release|Any CPU
		{9DBB90F8-441E-4834-B541-B24FD79FF35C}.Debug|Any CPU.ActiveCfg = Debug|Any CPU
		{9DBB90F8-441E-4834-B541-B24FD79FF35C}.Debug|Any CPU.Build.0 = Debug|Any CPU
		{9DBB90F8-441E-4834-B541-B24FD79FF35C}.Release|Any CPU.ActiveCfg = Release|Any CPU
		{9DBB90F8-441E-4834-B541-B24FD79FF35C}.Release|Any CPU.Build.0 = Release|Any CPU
	EndGlobalSection
	GlobalSection(SolutionProperties) = preSolution
		HideSolutionNode = FALSE
	EndGlobalSection
EndGlobal
